
Microsoft Visual Studio Solution File, Format Version 12.00
# Visual Studio Version 17
VisualStudioVersion = 17.2.32526.322
MinimumVisualStudioVersion = 10.0.40219.1
Project("{FAE04EC0-301F-11D3-BF4B-00C04F79EFBC}") = "DiceRoller.Android", "DiceRoller\DiceRoller.Android\DiceRoller.Android.csproj", "{A1F1746E-1020-42AB-B8EF-6FD72B3B81A6}"
EndProject
Project("{9A19103F-16F7-4668-BE54-9A1E7A4F7556}") = "DiceRoller", "DiceRoller\DiceRoller\DiceRoller.csproj", "{734CD1C5-C5D8-45E9-BEE5-7FB47C40B8BA}"
EndProject
Project("{9A19103F-16F7-4668-BE54-9A1E7A4F7556}") = "DieTests", "DieTests\DieTests.csproj", "{19D191FF-535B-445B-B6DB-0C49807C763E}"
EndProject
Project("{FAE04EC0-301F-11D3-BF4B-00C04F79EFBC}") = "UITest", "UITest\UITest.csproj", "{C8B8E320-93B7-4F3B-8195-4DB142334BDC}"
EndProject
Global
	GlobalSection(SolutionConfigurationPlatforms) = preSolution
		Debug|Any CPU = Debug|Any CPU
		Release|Any CPU = Release|Any CPU
	EndGlobalSection
	GlobalSection(ProjectConfigurationPlatforms) = postSolution
		{A1F1746E-1020-42AB-B8EF-6FD72B3B81A6}.Debug|Any CPU.ActiveCfg = Debug|Any CPU
		{A1F1746E-1020-42AB-B8EF-6FD72B3B81A6}.Debug|Any CPU.Build.0 = Debug|Any CPU
		{A1F1746E-1020-42AB-B8EF-6FD72B3B81A6}.Debug|Any CPU.Deploy.0 = Debug|Any CPU
		{A1F1746E-1020-42AB-B8EF-6FD72B3B81A6}.Release|Any CPU.ActiveCfg = Release|Any CPU
		{A1F1746E-1020-42AB-B8EF-6FD72B3B81A6}.Release|Any CPU.Build.0 = Release|Any CPU
		{A1F1746E-1020-42AB-B8EF-6FD72B3B81A6}.Release|Any CPU.Deploy.0 = Release|Any CPU
		{734CD1C5-C5D8-45E9-BEE5-7FB47C40B8BA}.Debug|Any CPU.ActiveCfg = Debug|Any CPU
		{734CD1C5-C5D8-45E9-BEE5-7FB47C40B8BA}.Debug|Any CPU.Build.0 = Debug|Any CPU
		{734CD1C5-C5D8-45E9-BEE5-7FB47C40B8BA}.Debug|Any CPU.Deploy.0 = Debug|Any CPU
		{734CD1C5-C5D8-45E9-BEE5-7FB47C40B8BA}.Release|Any CPU.ActiveCfg = Release|Any CPU
		{734CD1C5-C5D8-45E9-BEE5-7FB47C40B8BA}.Release|Any CPU.Build.0 = Release|Any CPU
		{734CD1C5-C5D8-45E9-BEE5-7FB47C40B8BA}.Release|Any CPU.Deploy.0 = Release|Any CPU
		{19D191FF-535B-445B-B6DB-0C49807C763E}.Debug|Any CPU.ActiveCfg = Debug|Any CPU
		{19D191FF-535B-445B-B6DB-0C49807C763E}.Debug|Any CPU.Build.0 = Debug|Any CPU
		{19D191FF-535B-445B-B6DB-0C49807C763E}.Release|Any CPU.ActiveCfg = Release|Any CPU
		{19D191FF-535B-445B-B6DB-0C49807C763E}.Release|Any CPU.Build.0 = Release|Any CPU
		{C8B8E320-93B7-4F3B-8195-4DB142334BDC}.Debug|Any CPU.ActiveCfg = Debug|Any CPU
		{C8B8E320-93B7-4F3B-8195-4DB142334BDC}.Debug|Any CPU.Build.0 = Debug|Any CPU
		{C8B8E320-93B7-4F3B-8195-4DB142334BDC}.Release|Any CPU.ActiveCfg = Release|Any CPU
		{C8B8E320-93B7-4F3B-8195-4DB142334BDC}.Release|Any CPU.Build.0 = Release|Any CPU
	EndGlobalSection
	GlobalSection(SolutionProperties) = preSolution
		HideSolutionNode = FALSE
	EndGlobalSection
	GlobalSection(ExtensibilityGlobals) = postSolution
		SolutionGuid = {F6469126-E899-45DF-B342-A440FD12BE9C}
	EndGlobalSection
EndGlobal
